dependencies:
- name: loki
  repository: https://grafana-community.github.io/helm-charts
  version: 11.4.6
- name: alloy
  repository: https://grafana.github.io/helm-charts
  version: 1.6.0
digest: sha256:3f8a87d8c3a6f09b776917ef715b80c804c59dc635b68c6de0c855a48ca391a9
generated: "2026-04-10T10:45:13.124165+02:00"
